{
	"name": "cosense-package-manager",
	"version": "0.1.0",
	"lockfileVersion": 3,
	"requires": true,
	"packages": {
		"": {
			"name": "cosense-package-manager",
			"version": "0.1.0",
			"license": "MIT",
			"dependencies": {
				"@progfay/scrapbox-parser": "^9.2.0",
				"prettier": "^3.5.3"
			}
		},
		"node_modules/@progfay/scrapbox-parser": {
			"version": "9.2.0",
			"resolved": "https://registry.npmjs.org/@progfay/scrapbox-parser/-/scrapbox-parser-9.2.0.tgz",
			"integrity": "sha512-qrjgnZqxAXkUkjnOJowhv3eWGflItf0q9G3uDrndk6yVMWTxrXEDRSmgoMNxyH+tRQqfvrGjadn+tvYZo1w4Ww==",
			"license": "MIT"
		},
		"node_modules/prettier": {
			"version": "3.5.3",
			"resolved": "https://registry.npmjs.org/prettier/-/prettier-3.5.3.tgz",
			"integrity": "sha512-QQtaxnoDJeAkDvDKWCLiwIXkTgRhwYDEQCghU9Z6q03iyek/rxRh/2lC3HB7P8sWT2xC/y5JDctPLBIGzHKbhw==",
			"license": "MIT",
			"bin": {
				"prettier": "bin/prettier.cjs"
			},
			"engines": {
				"node": ">=14"
			},
			"funding": {
				"url": "https://github.com/prettier/prettier?sponsor=1"
			}
		}
	}
}
